
Microsoft Visual Studio Solution File, Format Version 12.00
# Visual Studio Version 16
VisualStudioVersion = 16.6.30114.105
MinimumVisualStudioVersion = 10.0.40219.1
Project("{2150E333-8FDC-42A3-9474-1A3956D46DE8}") = "src", "src", "{E7CDB6E8-1A73-44C8-8A68-B7AF097C04F5}"
EndProject
Project("{2150E333-8FDC-42A3-9474-1A3956D46DE8}") = "Console", "Console", "{62B89A0B-1A1B-4272-97AE-B7140B9543C0}"
EndProject
Project("{9A19103F-16F7-4668-BE54-9A1E7A4F7556}") = "CognitiveConsoleMicro", "CognitiveConsoleMicro\CognitiveConsoleMicro.csproj", "{F2B202F4-7FCE-4A2A-B1F6-7E011EB61048}"
EndProject
Global
	GlobalSection(SolutionConfigurationPlatforms) = preSolution
		Debug|Any CPU = Debug|Any CPU
		Debug|x64 = Debug|x64
		Debug|x86 = Debug|x86
		Release|Any CPU = Release|Any CPU
		Release|x64 = Release|x64
		Release|x86 = Release|x86
	EndGlobalSection
	GlobalSection(ProjectConfigurationPlatforms) = postSolution
		{F2B202F4-7FCE-4A2A-B1F6-7E011EB61048}.Debug|Any CPU.ActiveCfg = Debug|Any CPU
		{F2B202F4-7FCE-4A2A-B1F6-7E011EB61048}.Debug|Any CPU.Build.0 = Debug|Any CPU
		{F2B202F4-7FCE-4A2A-B1F6-7E011EB61048}.Debug|x64.ActiveCfg = Debug|Any CPU
		{F2B202F4-7FCE-4A2A-B1F6-7E011EB61048}.Debug|x64.Build.0 = Debug|Any CPU
		{F2B202F4-7FCE-4A2A-B1F6-7E011EB61048}.Debug|x86.ActiveCfg = Debug|Any CPU
		{F2B202F4-7FCE-4A2A-B1F6-7E011EB61048}.Debug|x86.Build.0 = Debug|Any CPU
		{F2B202F4-7FCE-4A2A-B1F6-7E011EB61048}.Release|Any CPU.ActiveCfg = Release|Any CPU
		{F2B202F4-7FCE-4A2A-B1F6-7E011EB61048}.Release|Any CPU.Build.0 = Release|Any CPU
		{F2B202F4-7FCE-4A2A-B1F6-7E011EB61048}.Release|x64.ActiveCfg = Release|Any CPU
		{F2B202F4-7FCE-4A2A-B1F6-7E011EB61048}.Release|x64.Build.0 = Release|Any CPU
		{F2B202F4-7FCE-4A2A-B1F6-7E011EB61048}.Release|x86.ActiveCfg = Release|Any CPU
		{F2B202F4-7FCE-4A2A-B1F6-7E011EB61048}.Release|x86.Build.0 = Release|Any CPU
	EndGlobalSection
	GlobalSection(SolutionProperties) = preSolution
		HideSolutionNode = FALSE
	EndGlobalSection
	GlobalSection(NestedProjects) = preSolution
		{62B89A0B-1A1B-4272-97AE-B7140B9543C0} = {E7CDB6E8-1A73-44C8-8A68-B7AF097C04F5}
		{F2B202F4-7FCE-4A2A-B1F6-7E011EB61048} = {62B89A0B-1A1B-4272-97AE-B7140B9543C0}
	EndGlobalSection
	GlobalSection(ExtensibilityGlobals) = postSolution
		SolutionGuid = {7F08EEE0-2FEE-4B9A-A006-43FC6EB26EC4}
	EndGlobalSection
EndGlobal
